# Pinned upstream data for crates/legal-citations/registry/upstream/.
# Regenerate with `python3 tools/sync-upstream.py`; move the pins with `--update`.
# Both projects are BSD-2-Clause (see NOTICE).

[courts-db]
repository = "freelawproject/courts-db"
version = "0.10.27"
commit = "97b60845aa2558b71f3b8dcc7bd67f30188d0a03"
license = "BSD-2-Clause"
[courts-db.sha256]
"courts_db/data/courts.json" = "61a26db4e4c17d9b97613739da20f3cb27cf64a447df0449d9c12d49974a84bf"
"courts_db/data/states.json" = "22e050fca2c2f540a9fc6b95e643b9c8a6d53c0e8d80585a8c1ad9898cfd0db3"

[reporters-db]
repository = "freelawproject/reporters-db"
version = "3.2.66"
commit = "e095e6bf914ffd0a7b272f3764179cf3dbdf246c"
license = "BSD-2-Clause"
[reporters-db.sha256]
"reporters_db/data/journals.json" = "acad477ad889f745afe09a738e0c0091fdb59ab05a40d0bf55deba9c0ae2d10f"
"reporters_db/data/laws.json" = "cba1f8f2225a27600b4906c0ed6cb5ede00fbba0983538845e628f77fb0fce69"
"reporters_db/data/regexes.json" = "c91ff836e1b73d75b3546448c324d77bee338d9014637c738efd16fcb75ea47a"
"reporters_db/data/reporters.json" = "2b20c0ff414a8003b1c164904e5f1db8ee2504a81ef49fba69c4413a83e3f10a"
